
Microsoft Visual Studio Solution File, Format Version 12.00
# Visual Studio Version 16
VisualStudioVersion = 16.0.30413.136
MinimumVisualStudioVersion = 10.0.40219.1
Project("{FAE04EC0-301F-11D3-BF4B-00C04F79EFBC}") = "Core.Entities", "Core.Entities\Core.Entities.csproj", "{6ADD69B3-1763-483F-A6B6-7E55C0E2BB9C}"
EndProject
Project("{FAE04EC0-301F-11D3-BF4B-00C04F79EFBC}") = "Core", "Core\Core.csproj", "{4F7BF226-B0DD-47E5-B9AB-504AF24CAD14}"
EndProject
Project("{FAE04EC0-301F-11D3-BF4B-00C04F79EFBC}") = "WebSite", "WebSite\WebSite.csproj", "{05B5C4C4-CC5E-470F-B0E8-CB40179D8954}"
EndProject
Global
	GlobalSection(SolutionConfigurationPlatforms) = preSolution
		Debug|Any CPU = Debug|Any CPU
		Release|Any CPU = Release|Any CPU
	EndGlobalSection
	GlobalSection(ProjectConfigurationPlatforms) = postSolution
		{6ADD69B3-1763-483F-A6B6-7E55C0E2BB9C}.Debug|Any CPU.ActiveCfg = Debug|Any CPU
		{6ADD69B3-1763-483F-A6B6-7E55C0E2BB9C}.Debug|Any CPU.Build.0 = Debug|Any CPU
		{6ADD69B3-1763-483F-A6B6-7E55C0E2BB9C}.Release|Any CPU.ActiveCfg = Release|Any CPU
		{6ADD69B3-1763-483F-A6B6-7E55C0E2BB9C}.Release|Any CPU.Build.0 = Release|Any CPU
		{4F7BF226-B0DD-47E5-B9AB-504AF24CAD14}.Debug|Any CPU.ActiveCfg = Debug|Any CPU
		{4F7BF226-B0DD-47E5-B9AB-504AF24CAD14}.Debug|Any CPU.Build.0 = Debug|Any CPU
		{4F7BF226-B0DD-47E5-B9AB-504AF24CAD14}.Release|Any CPU.ActiveCfg = Release|Any CPU
		{4F7BF226-B0DD-47E5-B9AB-504AF24CAD14}.Release|Any CPU.Build.0 = Release|Any CPU
		{05B5C4C4-CC5E-470F-B0E8-CB40179D8954}.Debug|Any CPU.ActiveCfg = Debug|Any CPU
		{05B5C4C4-CC5E-470F-B0E8-CB40179D8954}.Debug|Any CPU.Build.0 = Debug|Any CPU
		{05B5C4C4-CC5E-470F-B0E8-CB40179D8954}.Release|Any CPU.ActiveCfg = Release|Any CPU
		{05B5C4C4-CC5E-470F-B0E8-CB40179D8954}.Release|Any CPU.Build.0 = Release|Any CPU
	EndGlobalSection
	GlobalSection(SolutionProperties) = preSolution
		HideSolutionNode = FALSE
	EndGlobalSection
	GlobalSection(ExtensibilityGlobals) = postSolution
		SolutionGuid = {3EAAA37C-8D28-4562-9E24-45CD8B1D592D}
		EnterpriseLibraryConfigurationToolBinariesPathV6 = packages\EnterpriseLibrary.Common.6.0.1304.0\lib\NET45;packages\EnterpriseLibrary.Data.6.0.1304.0\lib\NET45
	EndGlobalSection
EndGlobal
